
Microsoft Visual Studio Solution File, Format Version 12.00
# Visual Studio Version 16
VisualStudioVersion = 16.0.30320.27
MinimumVisualStudioVersion = 15.0.26124.0
Project("{9A19103F-16F7-4668-BE54-9A1E7A4F7556}") = "API", "API\API.csproj", "{88133C6F-13FB-477D-A7EE-FE52C6143E33}"
EndProject
Project("{9A19103F-16F7-4668-BE54-9A1E7A4F7556}") = "Domain", "Domain\Domain.csproj", "{0E215CB1-0CA4-43F6-8662-A7304CBDE981}"
EndProject
Project("{9A19103F-16F7-4668-BE54-9A1E7A4F7556}") = "Data", "Data\Data.csproj", "{FEE1D290-6606-4415-9E31-2FB6A12587AA}"
EndProject
Project("{9A19103F-16F7-4668-BE54-9A1E7A4F7556}") = "Application", "Application\Application.csproj", "{E26015C8-06C5-43EB-8378-1BAE9ED5A829}"
EndProject
Project("{9A19103F-16F7-4668-BE54-9A1E7A4F7556}") = "Infrastructure", "Infrastructure\Infrastructure.csproj", "{FDB2CDB9-A9E8-4433-AB27-AE018A794262}"
EndProject
Project("{FAE04EC0-301F-11D3-BF4B-00C04F79EFBC}") = "Tests", "Tests\Tests.csproj", "{2E84D154-84E4-489C-BB3C-A868B431C304}"
EndProject
Global
	GlobalSection(SolutionConfigurationPlatforms) = preSolution
		Debug|Any CPU = Debug|Any CPU
		Debug|x64 = Debug|x64
		Debug|x86 = Debug|x86
		Release|Any CPU = Release|Any CPU
		Release|x64 = Release|x64
		Release|x86 = Release|x86
	EndGlobalSection
	GlobalSection(ProjectConfigurationPlatforms) = postSolution
		{88133C6F-13FB-477D-A7EE-FE52C6143E33}.Debug|Any CPU.ActiveCfg = Debug|Any CPU
		{88133C6F-13FB-477D-A7EE-FE52C6143E33}.Debug|Any CPU.Build.0 = Debug|Any CPU
		{88133C6F-13FB-477D-A7EE-FE52C6143E33}.Debug|x64.ActiveCfg = Debug|Any CPU
		{88133C6F-13FB-477D-A7EE-FE52C6143E33}.Debug|x64.Build.0 = Debug|Any CPU
		{88133C6F-13FB-477D-A7EE-FE52C6143E33}.Debug|x86.ActiveCfg = Debug|Any CPU
		{88133C6F-13FB-477D-A7EE-FE52C6143E33}.Debug|x86.Build.0 = Debug|Any CPU
		{88133C6F-13FB-477D-A7EE-FE52C6143E33}.Release|Any CPU.ActiveCfg = Release|Any CPU
		{88133C6F-13FB-477D-A7EE-FE52C6143E33}.Release|Any CPU.Build.0 = Release|Any CPU
		{88133C6F-13FB-477D-A7EE-FE52C6143E33}.Release|x64.ActiveCfg = Release|Any CPU
		{88133C6F-13FB-477D-A7EE-FE52C6143E33}.Release|x64.Build.0 = Release|Any CPU
		{88133C6F-13FB-477D-A7EE-FE52C6143E33}.Release|x86.ActiveCfg = Release|Any CPU
		{88133C6F-13FB-477D-A7EE-FE52C6143E33}.Release|x86.Build.0 = Release|Any CPU
		{0E215CB1-0CA4-43F6-8662-A7304CBDE981}.Debug|Any CPU.ActiveCfg = Debug|Any CPU
		{0E215CB1-0CA4-43F6-8662-A7304CBDE981}.Debug|Any CPU.Build.0 = Debug|Any CPU
		{0E215CB1-0CA4-43F6-8662-A7304CBDE981}.Debug|x64.ActiveCfg = Debug|Any CPU
		{0E215CB1-0CA4-43F6-8662-A7304CBDE981}.Debug|x64.Build.0 = Debug|Any CPU
		{0E215CB1-0CA4-43F6-8662-A7304CBDE981}.Debug|x86.ActiveCfg = Debug|Any CPU
		{0E215CB1-0CA4-43F6-8662-A7304CBDE981}.Debug|x86.Build.0 = Debug|Any CPU
		{0E215CB1-0CA4-43F6-8662-A7304CBDE981}.Release|Any CPU.ActiveCfg = Release|Any CPU
		{0E215CB1-0CA4-43F6-8662-A7304CBDE981}.Release|Any CPU.Build.0 = Release|Any CPU
		{0E215CB1-0CA4-43F6-8662-A7304CBDE981}.Release|x64.ActiveCfg = Release|Any CPU
		{0E215CB1-0CA4-43F6-8662-A7304CBDE981}.Release|x64.Build.0 = Release|Any CPU
		{0E215CB1-0CA4-43F6-8662-A7304CBDE981}.Release|x86.ActiveCfg = Release|Any CPU
		{0E215CB1-0CA4-43F6-8662-A7304CBDE981}.Release|x86.Build.0 = Release|Any CPU
		{FEE1D290-6606-4415-9E31-2FB6A12587AA}.Debug|Any CPU.ActiveCfg = Debug|Any CPU
		{FEE1D290-6606-4415-9E31-2FB6A12587AA}.Debug|Any CPU.Build.0 = Debug|Any CPU
		{FEE1D290-6606-4415-9E31-2FB6A12587AA}.Debug|x64.ActiveCfg = Debug|Any CPU
		{FEE1D290-6606-4415-9E31-2FB6A12587AA}.Debug|x64.Build.0 = Debug|Any CPU
		{FEE1D290-6606-4415-9E31-2FB6A12587AA}.Debug|x86.ActiveCfg = Debug|Any CPU
		{FEE1D290-6606-4415-9E31-2FB6A12587AA}.Debug|x86.Build.0 = Debug|Any CPU
		{FEE1D290-6606-4415-9E31-2FB6A12587AA}.Release|Any CPU.ActiveCfg = Release|Any CPU
		{FEE1D290-6606-4415-9E31-2FB6A12587AA}.Release|Any CPU.Build.0 = Release|Any CPU
		{FEE1D290-6606-4415-9E31-2FB6A12587AA}.Release|x64.ActiveCfg = Release|Any CPU
		{FEE1D290-6606-4415-9E31-2FB6A12587AA}.Release|x64.Build.0 = Release|Any CPU
		{FEE1D290-6606-4415-9E31-2FB6A12587AA}.Release|x86.ActiveCfg = Release|Any CPU
		{FEE1D290-6606-4415-9E31-2FB6A12587AA}.Release|x86.Build.0 = Release|Any CPU
		{E26015C8-06C5-43EB-8378-1BAE9ED5A829}.Debug|Any CPU.ActiveCfg = Debug|Any CPU
		{E26015C8-06C5-43EB-8378-1BAE9ED5A829}.Debug|Any CPU.Build.0 = Debug|Any CPU
		{E26015C8-06C5-43EB-8378-1BAE9ED5A829}.Debug|x64.ActiveCfg = Debug|Any CPU
		{E26015C8-06C5-43EB-8378-1BAE9ED5A829}.Debug|x64.Build.0 = Debug|Any CPU
		{E26015C8-06C5-43EB-8378-1BAE9ED5A829}.Debug|x86.ActiveCfg = Debug|Any CPU
		{E26015C8-06C5-43EB-8378-1BAE9ED5A829}.Debug|x86.Build.0 = Debug|Any CPU
		{E26015C8-06C5-43EB-8378-1BAE9ED5A829}.Release|Any CPU.ActiveCfg = Release|Any CPU
		{E26015C8-06C5-43EB-8378-1BAE9ED5A829}.Release|Any CPU.Build.0 = Release|Any CPU
		{E26015C8-06C5-43EB-8378-1BAE9ED5A829}.Release|x64.ActiveCfg = Release|Any CPU
		{E26015C8-06C5-43EB-8378-1BAE9ED5A829}.Release|x64.Build.0 = Release|Any CPU
		{E26015C8-06C5-43EB-8378-1BAE9ED5A829}.Release|x86.ActiveCfg = Release|Any CPU
		{E26015C8-06C5-43EB-8378-1BAE9ED5A829}.Release|x86.Build.0 = Release|Any CPU
		{FDB2CDB9-A9E8-4433-AB27-AE018A794262}.Debug|Any CPU.ActiveCfg = Debug|Any CPU
		{FDB2CDB9-A9E8-4433-AB27-AE018A794262}.Debug|Any CPU.Build.0 = Debug|Any CPU
		{FDB2CDB9-A9E8-4433-AB27-AE018A794262}.Debug|x64.ActiveCfg = Debug|Any CPU
		{FDB2CDB9-A9E8-4433-AB27-AE018A794262}.Debug|x64.Build.0 = Debug|Any CPU
		{FDB2CDB9-A9E8-4433-AB27-AE018A794262}.Debug|x86.ActiveCfg = Debug|Any CPU
		{FDB2CDB9-A9E8-4433-AB27-AE018A794262}.Debug|x86.Build.0 = Debug|Any CPU
		{FDB2CDB9-A9E8-4433-AB27-AE018A794262}.Release|Any CPU.ActiveCfg = Release|Any CPU
		{FDB2CDB9-A9E8-4433-AB27-AE018A794262}.Release|Any CPU.Build.0 = Release|Any CPU
		{FDB2CDB9-A9E8-4433-AB27-AE018A794262}.Release|x64.ActiveCfg = Release|Any CPU
		{FDB2CDB9-A9E8-4433-AB27-AE018A794262}.Release|x64.Build.0 = Release|Any CPU
		{FDB2CDB9-A9E8-4433-AB27-AE018A794262}.Release|x86.ActiveCfg = Release|Any CPU
		{FDB2CDB9-A9E8-4433-AB27-AE018A794262}.Release|x86.Build.0 = Release|Any CPU
		{2E84D154-84E4-489C-BB3C-A868B431C304}.Debug|Any CPU.ActiveCfg = Debug|Any CPU
		{2E84D154-84E4-489C-BB3C-A868B431C304}.Debug|Any CPU.Build.0 = Debug|Any CPU
		{2E84D154-84E4-489C-BB3C-A868B431C304}.Debug|x64.ActiveCfg = Debug|Any CPU
		{2E84D154-84E4-489C-BB3C-A868B431C304}.Debug|x64.Build.0 = Debug|Any CPU
		{2E84D154-84E4-489C-BB3C-A868B431C304}.Debug|x86.ActiveCfg = Debug|Any CPU
		{2E84D154-84E4-489C-BB3C-A868B431C304}.Debug|x86.Build.0 = Debug|Any CPU
		{2E84D154-84E4-489C-BB3C-A868B431C304}.Release|Any CPU.ActiveCfg = Release|Any CPU
		{2E84D154-84E4-489C-BB3C-A868B431C304}.Release|Any CPU.Build.0 = Release|Any CPU
		{2E84D154-84E4-489C-BB3C-A868B431C304}.Release|x64.ActiveCfg = Release|Any CPU
		{2E84D154-84E4-489C-BB3C-A868B431C304}.Release|x64.Build.0 = Release|Any CPU
		{2E84D154-84E4-489C-BB3C-A868B431C304}.Release|x86.ActiveCfg = Release|Any CPU
		{2E84D154-84E4-489C-BB3C-A868B431C304}.Release|x86.Build.0 = Release|Any CPU
	EndGlobalSection
	GlobalSection(SolutionProperties) = preSolution
		HideSolutionNode = FALSE
	EndGlobalSection
	GlobalSection(ExtensibilityGlobals) = postSolution
		SolutionGuid = {08752743-417A-4263-AE35-8039F90B1BAD}
	EndGlobalSection
EndGlobal
